
Microsoft Visual Studio Solution File, Format Version 12.00
# Visual Studio Version 16
VisualStudioVersion = 16.0.29609.76
MinimumVisualStudioVersion = 10.0.40219.1
Project("{9A19103F-16F7-4668-BE54-9A1E7A4F7556}") = "SampleHost", "SampleHost\SampleHost.csproj", "{2C42C300-9F0F-4D0A-9360-A4DADC8A44FB}"
EndProject
Project("{9A19103F-16F7-4668-BE54-9A1E7A4F7556}") = "SampleLib", "SampleLib\SampleLib.csproj", "{6575DA56-C33F-403A-8376-47C462A1A016}"
EndProject
Global
	GlobalSection(SolutionConfigurationPlatforms) = preSolution
		Debug|Any CPU = Debug|Any CPU
		Release|Any CPU = Release|Any CPU
	EndGlobalSection
	GlobalSection(ProjectConfigurationPlatforms) = postSolution
		{2C42C300-9F0F-4D0A-9360-A4DADC8A44FB}.Debug|Any CPU.ActiveCfg = Debug|Any CPU
		{2C42C300-9F0F-4D0A-9360-A4DADC8A44FB}.Debug|Any CPU.Build.0 = Debug|Any CPU
		{2C42C300-9F0F-4D0A-9360-A4DADC8A44FB}.Release|Any CPU.ActiveCfg = Release|Any CPU
		{2C42C300-9F0F-4D0A-9360-A4DADC8A44FB}.Release|Any CPU.Build.0 = Release|Any CPU
		{6575DA56-C33F-403A-8376-47C462A1A016}.Debug|Any CPU.ActiveCfg = Debug|Any CPU
		{6575DA56-C33F-403A-8376-47C462A1A016}.Debug|Any CPU.Build.0 = Debug|Any CPU
		{6575DA56-C33F-403A-8376-47C462A1A016}.Release|Any CPU.ActiveCfg = Release|Any CPU
		{6575DA56-C33F-403A-8376-47C462A1A016}.Release|Any CPU.Build.0 = Release|Any CPU
	EndGlobalSection
	GlobalSection(SolutionProperties) = preSolution
		HideSolutionNode = FALSE
	EndGlobalSection
	GlobalSection(ExtensibilityGlobals) = postSolution
		SolutionGuid = {98A22039-E5A8-4F29-B2DE-CE6681B2EA0D}
	EndGlobalSection
EndGlobal
